
Microsoft Visual Studio Solution File, Format Version 12.00
# Visual Studio Version 16
VisualStudioVersion = 16.0.32126.315
MinimumVisualStudioVersion = 10.0.40219.1
Project("{FAE04EC0-301F-11D3-BF4B-00C04F79EFBC}") = "ConsoleApp1", "ConsoleApp1\ConsoleApp1.csproj", "{225BBA40-CD80-424D-AA3B-FCA59BEC874D}"
EndProject
Global
	GlobalSection(SolutionConfigurationPlatforms) = preSolution
		Debug|Any CPU = Debug|Any CPU
		Release|Any CPU = Release|Any CPU
	EndGlobalSection
	GlobalSection(ProjectConfigurationPlatforms) = postSolution
		{225BBA40-CD80-424D-AA3B-FCA59BEC874D}.Debug|Any CPU.ActiveCfg = Debug|Any CPU
		{225BBA40-CD80-424D-AA3B-FCA59BEC874D}.Debug|Any CPU.Build.0 = Debug|Any CPU
		{225BBA40-CD80-424D-AA3B-FCA59BEC874D}.Release|Any CPU.ActiveCfg = Release|Any CPU
		{225BBA40-CD80-424D-AA3B-FCA59BEC874D}.Release|Any CPU.Build.0 = Release|Any CPU
	EndGlobalSection
	GlobalSection(SolutionProperties) = preSolution
		HideSolutionNode = FALSE
	EndGlobalSection
	GlobalSection(ExtensibilityGlobals) = postSolution
		SolutionGuid = {E35A0DB4-BC92-4A01-AE0C-2D4E105FA3E9}
	EndGlobalSection
EndGlobal
